<?xml version="1.0" encoding="utf-8"?>
<Project ToolsVersion="4.0" xmlns="http://schemas.microsoft.com/developer/msbuild/2003">
  <ItemGroup>
    <Filter Include="platform">
      <UniqueIdentifier>{4A63C33C-3630-1E48-5F49-0CF04B7553D6}</UniqueIdentifier>
    </Filter>
    <Filter Include="platform\windows">
      <UniqueIdentifier>{A44FC440-9048-E392-B97A-C817A5D2C29E}</UniqueIdentifier>
    </Filter>
    <Filter Include="ugine">
      <UniqueIdentifier>{5D7B7E10-C98F-A6C1-9211-4A21FEE4A2F2}</UniqueIdentifier>
    </Filter>
    <Filter Include="ugine\events">
      <UniqueIdentifier>{C1300B62-AD93-9A06-5619-D3BC425B6689}</UniqueIdentifier>
    </Filter>
  </ItemGroup>
  <ItemGroup>
    <ClInclude Include="src\platform\windows\windows_window.h">
      <Filter>platform\windows</Filter>
    </ClInclude>
    <ClInclude Include="src\uepch.h" />
    <ClInclude Include="src\ugine.h" />
    <ClInclude Include="src\ugine\application.h">
      <Filter>ugine</Filter>
    </ClInclude>
    <ClInclude Include="src\ugine\core.h">
      <Filter>ugine</Filter>
    </ClInclude>
    <ClInclude Include="src\ugine\entry_point.h">
      <Filter>ugine</Filter>
    </ClInclude>
    <ClInclude Include="src\ugine\events\application_event.h">
      <Filter>ugine\events</Filter>
    </ClInclude>
    <ClInclude Include="src\ugine\events\event.h">
      <Filter>ugine\events</Filter>
    </ClInclude>
    <ClInclude Include="src\ugine\events\key_event.h">
      <Filter>ugine\events</Filter>
    </ClInclude>
    <ClInclude Include="src\ugine\events\mouse_event.h">
      <Filter>ugine\events</Filter>
    </ClInclude>
    <ClInclude Include="src\ugine\layer.h">
      <Filter>ugine</Filter>
    </ClInclude>
    <ClInclude Include="src\ugine\layer_stack.h">
      <Filter>ugine</Filter>
    </ClInclude>
    <ClInclude Include="src\ugine\log.h">
      <Filter>ugine</Filter>
    </ClInclude>
    <ClInclude Include="src\ugine\window.h">
      <Filter>ugine</Filter>
    </ClInclude>
  </ItemGroup>
  <ItemGroup>
    <ClCompile Include="src\platform\windows\windows_window.cc">
      <Filter>platform\windows</Filter>
    </ClCompile>
    <ClCompile Include="src\uepch.cc" />
    <ClCompile Include="src\ugine\application.cc">
      <Filter>ugine</Filter>
    </ClCompile>
    <ClCompile Include="src\ugine\log.cc">
      <Filter>ugine</Filter>
    </ClCompile>
    <ClCompile Include="src\ugine\layer.cpp" />
    <ClCompile Include="src\ugine\layer_stack.cpp" />
  </ItemGroup>
</Project>